
Microsoft Visual Studio Solution File, Format Version 11.00
# Visual Studio 2010
Project("{FAE04EC0-301F-11D3-BF4B-00C04F79EFBC}") = "unity_texture_packer", "Assembly-CSharp-Editor.csproj", "{4E921B68-5E6D-14C0-A56B-53D0A08BD89F}"
EndProject
Global
	GlobalSection(SolutionConfigurationPlatforms) = preSolution
		Debug|Any CPU = Debug|Any CPU
		Release|Any CPU = Release|Any CPU
	EndGlobalSection
	GlobalSection(ProjectConfigurationPlatforms) = postSolution
		{4E921B68-5E6D-14C0-A56B-53D0A08BD89F}.Debug|Any CPU.ActiveCfg = Debug|Any CPU
		{4E921B68-5E6D-14C0-A56B-53D0A08BD89F}.Debug|Any CPU.Build.0 = Debug|Any CPU
		{4E921B68-5E6D-14C0-A56B-53D0A08BD89F}.Release|Any CPU.ActiveCfg = Release|Any CPU
		{4E921B68-5E6D-14C0-A56B-53D0A08BD89F}.Release|Any CPU.Build.0 = Release|Any CPU
	EndGlobalSection
	GlobalSection(SolutionProperties) = preSolution
		HideSolutionNode = FALSE
	EndGlobalSection
	GlobalSection(MonoDevelopProperties) = preSolution
		StartupItem = Assembly-CSharp.csproj
	EndGlobalSection
EndGlobal
